{
  "name": "supaworker-node-example",
  "version": "1.0.0",
  "lockfileVersion": 3,
  "requires": true,
  "packages": {
    "": {
      "name": "supaworker-node-example",
      "version": "1.0.0",
      "license": "ISC",
      "dependencies": {
        "supaworker-js": "file:../dist/index.js"
      },
      "devDependencies": {
        "dotenv": "^16.5.0"
      }
    },
    "../dist/index.js": {},
    "node_modules/dotenv": {
      "version": "16.5.0",
      "resolved": "https://registry.npmjs.org/dotenv/-/dotenv-16.5.0.tgz",
      "integrity": "sha512-m/C+AwOAr9/W1UOIZUo232ejMNnJAJtYQjUbHoNTBNTJSvqzzDh7vnrei3o3r3m9blf6ZoDkvcw0VmozNRFJxg==",
      "dev": true,
      "license": "BSD-2-Clause",
      "engines": {
        "node": ">=12"
      },
      "funding": {
        "url": "https://dotenvx.com"
      }
    },
    "node_modules/supaworker-js": {
      "resolved": "../dist/index.js",
      "link": true
    }
  }
}
